// !$*UTF8*$!
{
	archiveVersion = 1;
	classes = {
	};
	objectVersion = 46;
	objects = {

/* Begin PBXBuildFile section */
		019AE0312DD5461BB0545B9B /* libPods.a in Frameworks */ = {isa = PBXBuildFile; fileRef = F2DCCDFA5B5A4BBCAB7CA810 /* libPods.a */; };
		4733547C191B1BAE00B800CB /* HTTPService.m in Sources */ = {isa = PBXBuildFile; fileRef = 4733547B191B1BAE00B800CB /* HTTPService.m */; };
		47335488191B1BCA00B800CB /* NSString+MD5.m in Sources */ = {isa = PBXBuildFile; fileRef = 4733547F191B1BCA00B800CB /* NSString+MD5.m */; };
		47335489191B1BCA00B800CB /* NXInputChecker.m in Sources */ = {isa = PBXBuildFile; fileRef = 47335481191B1BCA00B800CB /* NXInputChecker.m */; };
		4733548A191B1BCA00B800CB /* HTTPRequestBuilder.m in Sources */ = {isa = PBXBuildFile; fileRef = 47335483191B1BCA00B800CB /* HTTPRequestBuilder.m */; };
		4733548B191B1BCA00B800CB /* HTTPRequestBuilder+LoginAndRegister.m in Sources */ = {isa = PBXBuildFile; fileRef = 47335485191B1BCA00B800CB /* HTTPRequestBuilder+LoginAndRegister.m */; };
		4733548C191B1BCA00B800CB /* BaseViewModel.m in Sources */ = {isa = PBXBuildFile; fileRef = 47335487191B1BCA00B800CB /* BaseViewModel.m */; };
		47335494191B1BF300B800CB /* LoginViewModel.m in Sources */ = {isa = PBXBuildFile; fileRef = 4733548F191B1BF300B800CB /* LoginViewModel.m */; };
		47335495191B1BF300B800CB /* RegisterViewModel.m in Sources */ = {isa = PBXBuildFile; fileRef = 47335491191B1BF300B800CB /* RegisterViewModel.m */; };
		47335496191B1BF300B800CB /* PassViewModel.m in Sources */ = {isa = PBXBuildFile; fileRef = 47335493191B1BF300B800CB /* PassViewModel.m */; };
		473354B0191B1C1800B800CB /* LoginViewController.m in Sources */ = {isa = PBXBuildFile; fileRef = 47335499191B1C1800B800CB /* LoginViewController.m */; };
		473354B1191B1C1800B800CB /* LoginTableViewCell.m in Sources */ = {isa = PBXBuildFile; fileRef = 4733549B191B1C1800B800CB /* LoginTableViewCell.m */; };
		473354B2191B1C1800B800CB /* RegTypeViewController.m in Sources */ = {isa = PBXBuildFile; fileRef = 4733549D191B1C1800B800CB /* RegTypeViewController.m */; };
		473354B3191B1C1800B800CB /* RegDetailViewController.m in Sources */ = {isa = PBXBuildFile; fileRef = 4733549F191B1C1800B800CB /* RegDetailViewController.m */; };
		473354B4191B1C1800B800CB /* RegMesViewController.m in Sources */ = {isa = PBXBuildFile; fileRef = 473354A1191B1C1800B800CB /* RegMesViewController.m */; };
		473354B5191B1C1800B800CB /* RegChooseNumberViewController.m in Sources */ = {isa = PBXBuildFile; fileRef = 473354A3191B1C1800B800CB /* RegChooseNumberViewController.m */; };
		473354B6191B1C1800B800CB /* PassViewController.m in Sources */ = {isa = PBXBuildFile; fileRef = 473354A5191B1C1800B800CB /* PassViewController.m */; };
		473354B7191B1C1800B800CB /* PassWayViewController.m in Sources */ = {isa = PBXBuildFile; fileRef = 473354A7191B1C1800B800CB /* PassWayViewController.m */; };
		473354B8191B1C1800B800CB /* PassMesViewController.m in Sources */ = {isa = PBXBuildFile; fileRef = 473354A9191B1C1800B800CB /* PassMesViewController.m */; };
		473354B9191B1C1800B800CB /* PassAnswerViewController.m in Sources */ = {isa = PBXBuildFile; fileRef = 473354AB191B1C1800B800CB /* PassAnswerViewController.m */; };
		473354BA191B1C1800B800CB /* PassEmailViewController.m in Sources */ = {isa = PBXBuildFile; fileRef = 473354AD191B1C1800B800CB /* PassEmailViewController.m */; };
		473354BB191B1C1800B800CB /* PassResetViewController.m in Sources */ = {isa = PBXBuildFile; fileRef = 473354AF191B1C1800B800CB /* PassResetViewController.m */; };
		473354BD191B1C3C00B800CB /* login.storyboard in Resources */ = {isa = PBXBuildFile; fileRef = 473354BC191B1C3C00B800CB /* login.storyboard */; };
		473354BF191B1CC900B800CB /* login.xcassets in Resources */ = {isa = PBXBuildFile; fileRef = 473354BE191B1CC900B800CB /* login.xcassets */; };
		473354C2191B1E6900B800CB /* RoolViewController.m in Sources */ = {isa = PBXBuildFile; fileRef = 473354C1191B1E6900B800CB /* RoolViewController.m */; };
		473354C5191B20B000B800CB /* RootViewModel.m in Sources */ = {isa = PBXBuildFile; fileRef = 473354C4191B20B000B800CB /* RootViewModel.m */; };
		473354C8191B240400B800CB /* main.storyboard in Resources */ = {isa = PBXBuildFile; fileRef = 473354C7191B240400B800CB /* main.storyboard */; };
		473354CB191B256A00B800CB /* MainTabbarViewController.m in Sources */ = {isa = PBXBuildFile; fileRef = 473354CA191B256A00B800CB /* MainTabbarViewController.m */; };
		473354CD191B2AE200B800CB /* CFNetwork.framework in Frameworks */ = {isa = PBXBuildFile; fileRef = 473354CC191B2AE200B800CB /* CFNetwork.framework */; };
		473354D0191B2ED200B800CB /* CustomTabbar.m in Sources */ = {isa = PBXBuildFile; fileRef = 473354CF191B2ED200B800CB /* CustomTabbar.m */; };
		473354D2191B2EF300B800CB /* CustomTabbar.xib in Resources */ = {isa = PBXBuildFile; fileRef = 473354D1191B2EF300B800CB /* CustomTabbar.xib */; };
		473354D4191B308500B800CB /* main.xcassets in Resources */ = {isa = PBXBuildFile; fileRef = 473354D3191B308500B800CB /* main.xcassets */; };
		473354D7191B3E7800B800CB /* CustomBarItem.m in Sources */ = {isa = PBXBuildFile; fileRef = 473354D6191B3E7800B800CB /* CustomBarItem.m */; };
		4757BB6A191C68DB009A8938 /* MainPageViewModel.m in Sources */ = {isa = PBXBuildFile; fileRef = 4757BB69191C68DB009A8938 /* MainPageViewModel.m */; };
		4757BB6D191C81B3009A8938 /* MainPageButton.m in Sources */ = {isa = PBXBuildFile; fileRef = 4757BB6C191C81B3009A8938 /* MainPageButton.m */; };
		4757BB70191CAB81009A8938 /* HTTPRequestBuilder+mainPage.m in Sources */ = {isa = PBXBuildFile; fileRef = 4757BB6F191CAB81009A8938 /* HTTPRequestBuilder+mainPage.m */; };
		476D39A4191DC57200742EE5 /* DBService.m in Sources */ = {isa = PBXBuildFile; fileRef = 476D39A3191DC57200742EE5 /* DBService.m */; };
		476D39EB191DC6DC00742EE5 /* itelDB.xcdatamodeld in Sources */ = {isa = PBXBuildFile; fileRef = 476D39E9191DC6DC00742EE5 /* itelDB.xcdatamodeld */; };
		476D39ED191DC9B400742EE5 /* CoreData.framework in Frameworks */ = {isa = PBXBuildFile; fileRef = 476D39EC191DC9B400742EE5 /* CoreData.framework */; };
		476D39F0191DD1EB00742EE5 /* PeopleViewController.m in Sources */ = {isa = PBXBuildFile; fileRef = 476D39EF191DD1EB00742EE5 /* PeopleViewController.m */; };
		476D39F3191DD22400742EE5 /* CoreDataTableViewController.m in Sources */ = {isa = PBXBuildFile; fileRef = 476D39F2191DD22400742EE5 /* CoreDataTableViewController.m */; };
		476D39F9191DD35300742EE5 /* ItelUser+CRUD.m in Sources */ = {isa = PBXBuildFile; fileRef = 476D39F8191DD35300742EE5 /* ItelUser+CRUD.m */; };
		476D39FC191DD3BE00742EE5 /* ItelUser.m in Sources */ = {isa = PBXBuildFile; fileRef = 476D39FB191DD3BE00742EE5 /* ItelUser.m */; };
		476D39FF191DD46200742EE5 /* ContactCell.m in Sources */ = {isa = PBXBuildFile; fileRef = 476D39FE191DD46200742EE5 /* ContactCell.m */; };
		476D3A02191DD5B900742EE5 /* UserViewController.m in Sources */ = {isa = PBXBuildFile; fileRef = 476D3A01191DD5B900742EE5 /* UserViewController.m */; };
		476D3A06191DD8C300742EE5 /* ContactViewModel.m in Sources */ = {isa = PBXBuildFile; fileRef = 476D3A05191DD8C300742EE5 /* ContactViewModel.m */; };
		476D3A09191DD96B00742EE5 /* HTTPRequestBuilder+contact.m in Sources */ = {isa = PBXBuildFile; fileRef = 476D3A08191DD96B00742EE5 /* HTTPRequestBuilder+contact.m */; };
		47838BD7191B5E3A00EE08AF /* DialView.storyboard in Resources */ = {isa = PBXBuildFile; fileRef = 47838BD4191B5E3A00EE08AF /* DialView.storyboard */; };
		47838BD8191B5E3A00EE08AF /* DialViewModel.m in Sources */ = {isa = PBXBuildFile; fileRef = 47838BD6191B5E3A00EE08AF /* DialViewModel.m */; };
		47838BDB191B5F8500EE08AF /* RootTabbarController.m in Sources */ = {isa = PBXBuildFile; fileRef = 47838BDA191B5F8500EE08AF /* RootTabbarController.m */; };
		47838BEE191B5FD700EE08AF /* VideoCallingViewController.m in Sources */ = {isa = PBXBuildFile; fileRef = 47838BE1191B5FD700EE08AF /* VideoCallingViewController.m */; };
		47838BEF191B5FD700EE08AF /* VideoAnsweringViewController.m in Sources */ = {isa = PBXBuildFile; fileRef = 47838BE3191B5FD700EE08AF /* VideoAnsweringViewController.m */; };
		47838BF0191B5FD700EE08AF /* VideoSessionViewController.m in Sources */ = {isa = PBXBuildFile; fileRef = 47838BE5191B5FD700EE08AF /* VideoSessionViewController.m */; };
		47838BF1191B5FD700EE08AF /* AudioCallingViewController.m in Sources */ = {isa = PBXBuildFile; fileRef = 47838BE7191B5FD700EE08AF /* AudioCallingViewController.m */; };
		47838BF2191B5FD700EE08AF /* AudioAnsweringViewController.m in Sources */ = {isa = PBXBuildFile; fileRef = 47838BE9191B5FD700EE08AF /* AudioAnsweringViewController.m */; };
		47838BF3191B5FD700EE08AF /* AudioSessionViewController.m in Sources */ = {isa = PBXBuildFile; fileRef = 47838BEB191B5FD700EE08AF /* AudioSessionViewController.m */; };
		47838BF4191B5FD700EE08AF /* DialingViewController.m in Sources */ = {isa = PBXBuildFile; fileRef = 47838BED191B5FD700EE08AF /* DialingViewController.m */; };
		47838BFC191B5FF500EE08AF /* DialNumberButton.m in Sources */ = {isa = PBXBuildFile; fileRef = 47838BF7191B5FF500EE08AF /* DialNumberButton.m */; };
		47838BFD191B5FF500EE08AF /* DialTableViewCell.m in Sources */ = {isa = PBXBuildFile; fileRef = 47838BF9191B5FF500EE08AF /* DialTableViewCell.m */; };
		47838BFE191B5FF500EE08AF /* DialTableViewModel.m in Sources */ = {isa = PBXBuildFile; fileRef = 47838BFB191B5FF500EE08AF /* DialTableViewModel.m */; };
		47838C00191B600400EE08AF /* dial.xcassets in Resources */ = {isa = PBXBuildFile; fileRef = 47838BFF191B600400EE08AF /* dial.xcassets */; };
		47838C03191B639B00EE08AF /* AppService.m in Sources */ = {isa = PBXBuildFile; fileRef = 47838C02191B639B00EE08AF /* AppService.m */; };
		47838C07191B789600EE08AF /* MainPageViewController.m in Sources */ = {isa = PBXBuildFile; fileRef = 47838C06191B789600EE08AF /* MainPageViewController.m */; };
		47838C0D191B798D00EE08AF /* Recent.storyboard in Resources */ = {isa = PBXBuildFile; fileRef = 47838C0C191B798D00EE08AF /* Recent.storyboard */; };
		47838C0F191B79B200EE08AF /* Contact.storyboard in Resources */ = {isa = PBXBuildFile; fileRef = 47838C0E191B79B200EE08AF /* Contact.storyboard */; };
		47838C11191B79C100EE08AF /* Message.storyboard in Resources */ = {isa = PBXBuildFile; fileRef = 47838C10191B79C100EE08AF /* Message.storyboard */; };
		47838C13191B79D100EE08AF /* More.storyboard in Resources */ = {isa = PBXBuildFile; fileRef = 47838C12191B79D100EE08AF /* More.storyboard */; };
		47838C15191B7A3000EE08AF /* more.xcassets in Resources */ = {isa = PBXBuildFile; fileRef = 47838C14191B7A3000EE08AF /* more.xcassets */; };
		47838C17191B7AF800EE08AF /* message.xcassets in Resources */ = {isa = PBXBuildFile; fileRef = 47838C16191B7AF800EE08AF /* message.xcassets */; };
		47838C19191B7B0700EE08AF /* contact.xcassets in Resources */ = {isa = PBXBuildFile; fileRef = 47838C18191B7B0700EE08AF /* contact.xcassets */; };
		47838C1B191B7B1600EE08AF /* recent.xcassets in Resources */ = {isa = PBXBuildFile; fileRef = 47838C1A191B7B1600EE08AF /* recent.xcassets */; };
		47929B69191B164F0054292D /* Foundation.framework in Frameworks */ = {isa = PBXBuildFile; fileRef = 47929B68191B164F0054292D /* Foundation.framework */; };
		47929B6B191B164F0054292D /* CoreGraphics.framework in Frameworks */ = {isa = PBXBuildFile; fileRef = 47929B6A191B164F0054292D /* CoreGraphics.framework */; };
		47929B6D191B164F0054292D /* UIKit.framework in Frameworks */ = {isa = PBXBuildFile; fileRef = 47929B6C191B164F0054292D /* UIKit.framework */; };
		47929B73191B164F0054292D /* InfoPlist.strings in Resources */ = {isa = PBXBuildFile; fileRef = 47929B71191B164F0054292D /* InfoPlist.strings */; };
		47929B75191B164F0054292D /* main.m in Sources */ = {isa = PBXBuildFile; fileRef = 47929B74191B164F0054292D /* main.m */; };
		47929B79191B164F0054292D /* MaoAppDelegate.m in Sources */ = {isa = PBXBuildFile; fileRef = 47929B78191B164F0054292D /* MaoAppDelegate.m */; };
		47929B7C191B164F0054292D /* Root.storyboard in Resources */ = {isa = PBXBuildFile; fileRef = 47929B7A191B164F0054292D /* Root.storyboard */; };
		47929B81191B164F0054292D /* Images.xcassets in Resources */ = {isa = PBXBuildFile; fileRef = 47929B80191B164F0054292D /* Images.xcassets */; };
		47929B88191B164F0054292D /* XCTest.framework in Frameworks */ = {isa = PBXBuildFile; fileRef = 47929B87191B164F0054292D /* XCTest.framework */; };
		47929B89191B164F0054292D /* Foundation.framework in Frameworks */ = {isa = PBXBuildFile; fileRef = 47929B68191B164F0054292D /* Foundation.framework */; };
		47929B8A191B164F0054292D /* UIKit.framework in Frameworks */ = {isa = PBXBuildFile; fileRef = 47929B6C191B164F0054292D /* UIKit.framework */; };
		47929B92191B164F0054292D /* InfoPlist.strings in Resources */ = {isa = PBXBuildFile; fileRef = 47929B90191B164F0054292D /* InfoPlist.strings */; };
		47929B94191B164F0054292D /* itelNSCTests.m in Sources */ = {isa = PBXBuildFile; fileRef = 47929B93191B164F0054292D /* itelNSCTests.m */; };
		47A1884C19209A07006E8013 /* EditAliasViewController.m in Sources */ = {isa = PBXBuildFile; fileRef = 47A1884B19209A07006E8013 /* EditAliasViewController.m */; };
		47A1885519209E48006E8013 /* ContactUserViewModel.m in Sources */ = {isa = PBXBuildFile; fileRef = 47A1885419209E48006E8013 /* ContactUserViewModel.m */; };
		CB1F6AFEA3184BDB81C53864 /* libPods-itelNSCTests.a in Frameworks */ = {isa = PBXBuildFile; fileRef = 43D9AB139A734F2896A91E3D /* libPods-itelNSCTests.a */; };
/* End PBXBuildFile section */

/* Begin PBXContainerItemProxy section */
		47929B8B191B164F0054292D /* PBXContainerItemProxy */ = {
			isa = PBXContainerItemProxy;
			containerPortal = 47929B5D191B164F0054292D /* Project object */;
			proxyType = 1;
			remoteGlobalIDString = 47929B64191B164F0054292D;
			remoteInfo = itelNSC;
		};
/* End PBXContainerItemProxy section */

/* Begin PBXFileReference section */
		28E822647253439B999D3369 /* Pods.xcconfig */ = {isa = PBXFileReference; includeInIndex = 1; lastKnownFileType = text.xcconfig; name = Pods.xcconfig; path = Pods/Pods.xcconfig; sourceTree = "<group>"; };
		43D9AB139A734F2896A91E3D /* libPods-itelNSCTests.a */ = {isa = PBXFileReference; explicitFileType = archive.ar; includeInIndex = 0; path = "libPods-itelNSCTests.a"; sourceTree = BUILT_PRODUCTS_DIR; };
		4733547A191B1BAE00B800CB /* HTTPService.h */ = {isa = PBXFileReference; fileEncoding = 4; lastKnownFileType = sourcecode.c.h; path = HTTPService.h; sourceTree = "<group>"; };
		4733547B191B1BAE00B800CB /* HTTPService.m */ = {isa = PBXFileReference; fileEncoding = 4; lastKnownFileType = sourcecode.c.objc; path = HTTPService.m; sourceTree = "<group>"; };
		4733547E191B1BCA00B800CB /* NSString+MD5.h */ = {isa = PBXFileReference; fileEncoding = 4; lastKnownFileType = sourcecode.c.h; path = "NSString+MD5.h"; sourceTree = "<group>"; };
		4733547F191B1BCA00B800CB /* NSString+MD5.m */ = {isa = PBXFileReference; fileEncoding = 4; lastKnownFileType = sourcecode.c.objc; path = "NSString+MD5.m"; sourceTree = "<group>"; };
		47335480191B1BCA00B800CB /* NXInputChecker.h */ = {isa = PBXFileReference; fileEncoding = 4; lastKnownFileType = sourcecode.c.h; path = NXInputChecker.h; sourceTree = "<group>"; };
		47335481191B1BCA00B800CB /* NXInputChecker.m */ = {isa = PBXFileReference; fileEncoding = 4; lastKnownFileType = sourcecode.c.objc; path = NXInputChecker.m; sourceTree = "<group>"; };
		47335482191B1BCA00B800CB /* HTTPRequestBuilder.h */ = {isa = PBXFileReference; fileEncoding = 4; lastKnownFileType = sourcecode.c.h; path = HTTPRequestBuilder.h; sourceTree = "<group>"; };
		47335483191B1BCA00B800CB /* HTTPRequestBuilder.m */ = {isa = PBXFileReference; fileEncoding = 4; lastKnownFileType = sourcecode.c.objc; path = HTTPRequestBuilder.m; sourceTree = "<group>"; };
		47335484191B1BCA00B800CB /* HTTPRequestBuilder+LoginAndRegister.h */ = {isa = PBXFileReference; fileEncoding = 4; lastKnownFileType = sourcecode.c.h; path = "HTTPRequestBuilder+LoginAndRegister.h"; sourceTree = "<group>"; };
		47335485191B1BCA00B800CB /* HTTPRequestBuilder+LoginAndRegister.m */ = {isa = PBXFileReference; fileEncoding = 4; lastKnownFileType = sourcecode.c.objc; path = "HTTPRequestBuilder+LoginAndRegister.m"; sourceTree = "<group>"; };
		47335486191B1BCA00B800CB /* BaseViewModel.h */ = {isa = PBXFileReference; fileEncoding = 4; lastKnownFileType = sourcecode.c.h; path = BaseViewModel.h; sourceTree = "<group>"; };
		47335487191B1BCA00B800CB /* BaseViewModel.m */ = {isa = PBXFileReference; fileEncoding = 4; lastKnownFileType = sourcecode.c.objc; path = BaseViewModel.m; sourceTree = "<group>"; };
		4733548E191B1BF300B800CB /* LoginViewModel.h */ = {isa = PBXFileReference; fileEncoding = 4; lastKnownFileType = sourcecode.c.h; path = LoginViewModel.h; sourceTree = "<group>"; };
		4733548F191B1BF300B800CB /* LoginViewModel.m */ = {isa = PBXFileReference; fileEncoding = 4; lastKnownFileType = sourcecode.c.objc; path = LoginViewModel.m; sourceTree = "<group>"; };
		47335490191B1BF300B800CB /* RegisterViewModel.h */ = {isa = PBXFileReference; fileEncoding = 4; lastKnownFileType = sourcecode.c.h; path = RegisterViewModel.h; sourceTree = "<group>"; };
		47335491191B1BF300B800CB /* RegisterViewModel.m */ = {isa = PBXFileReference; fileEncoding = 4; lastKnownFileType = sourcecode.c.objc; path = RegisterViewModel.m; sourceTree = "<group>"; };
		47335492191B1BF300B800CB /* PassViewModel.h */ = {isa = PBXFileReference; fileEncoding = 4; lastKnownFileType = sourcecode.c.h; path = PassViewModel.h; sourceTree = "<group>"; };
		47335493191B1BF300B800CB /* PassViewModel.m */ = {isa = PBXFileReference; fileEncoding = 4; lastKnownFileType = sourcecode.c.objc; path = PassViewModel.m; sourceTree = "<group>"; };
		47335498191B1C1800B800CB /* LoginViewController.h */ = {isa = PBXFileReference; fileEncoding = 4; lastKnownFileType = sourcecode.c.h; path = LoginViewController.h; sourceTree = "<group>"; };
		47335499191B1C1800B800CB /* LoginViewController.m */ = {isa = PBXFileReference; fileEncoding = 4; lastKnownFileType = sourcecode.c.objc; path = LoginViewController.m; sourceTree = "<group>"; };
		4733549A191B1C1800B800CB /* LoginTableViewCell.h */ = {isa = PBXFileReference; fileEncoding = 4; lastKnownFileType = sourcecode.c.h; path = LoginTableViewCell.h; sourceTree = "<group>"; };
		4733549B191B1C1800B800CB /* LoginTableViewCell.m */ = {isa = PBXFileReference; fileEncoding = 4; lastKnownFileType = sourcecode.c.objc; path = LoginTableViewCell.m; sourceTree = "<group>"; };
		4733549C191B1C1800B800CB /* RegTypeViewController.h */ = {isa = PBXFileReference; fileEncoding = 4; lastKnownFileType = sourcecode.c.h; path = RegTypeViewController.h; sourceTree = "<group>"; };
		4733549D191B1C1800B800CB /* RegTypeViewController.m */ = {isa = PBXFileReference; fileEncoding = 4; lastKnownFileType = sourcecode.c.objc; path = RegTypeViewController.m; sourceTree = "<group>"; };
		4733549E191B1C1800B800CB /* RegDetailViewController.h */ = {isa = PBXFileReference; fileEncoding = 4; lastKnownFileType = sourcecode.c.h; path = RegDetailViewController.h; sourceTree = "<group>"; };
		4733549F191B1C1800B800CB /* RegDetailViewController.m */ = {isa = PBXFileReference; fileEncoding = 4; lastKnownFileType = sourcecode.c.objc; path = RegDetailViewController.m; sourceTree = "<group>"; };
		473354A0191B1C1800B800CB /* RegMesViewController.h */ = {isa = PBXFileReference; fileEncoding = 4; lastKnownFileType = sourcecode.c.h; path = RegMesViewController.h; sourceTree = "<group>"; };
		473354A1191B1C1800B800CB /* RegMesViewController.m */ = {isa = PBXFileReference; fileEncoding = 4; lastKnownFileType = sourcecode.c.objc; path = RegMesViewController.m; sourceTree = "<group>"; };
		473354A2191B1C1800B800CB /* RegChooseNumberViewController.h */ = {isa = PBXFileReference; fileEncoding = 4; lastKnownFileType = sourcecode.c.h; path = RegChooseNumberViewController.h; sourceTree = "<group>"; };
		473354A3191B1C1800B800CB /* RegChooseNumberViewController.m */ = {isa = PBXFileReference; fileEncoding = 4; lastKnownFileType = sourcecode.c.objc; path = RegChooseNumberViewController.m; sourceTree = "<group>"; };
		473354A4191B1C1800B800CB /* PassViewController.h */ = {isa = PBXFileReference; fileEncoding = 4; lastKnownFileType = sourcecode.c.h; path = PassViewController.h; sourceTree = "<group>"; };
		473354A5191B1C1800B800CB /* PassViewController.m */ = {isa = PBXFileReference; fileEncoding = 4; lastKnownFileType = sourcecode.c.objc; path = PassViewController.m; sourceTree = "<group>"; };
		473354A6191B1C1800B800CB /* PassWayViewController.h */ = {isa = PBXFileReference; fileEncoding = 4; lastKnownFileType = sourcecode.c.h; path = PassWayViewController.h; sourceTree = "<group>"; };
		473354A7191B1C1800B800CB /* PassWayViewController.m */ = {isa = PBXFileReference; fileEncoding = 4; lastKnownFileType = sourcecode.c.objc; path = PassWayViewController.m; sourceTree = "<group>"; };
		473354A8191B1C1800B800CB /* PassMesViewController.h */ = {isa = PBXFileReference; fileEncoding = 4; lastKnownFileType = sourcecode.c.h; path = PassMesViewController.h; sourceTree = "<group>"; };
		473354A9191B1C1800B800CB /* PassMesViewController.m */ = {isa = PBXFileReference; fileEncoding = 4; lastKnownFileType = sourcecode.c.objc; path = PassMesViewController.m; sourceTree = "<group>"; };
		473354AA191B1C1800B800CB /* PassAnswerViewController.h */ = {isa = PBXFileReference; fileEncoding = 4; lastKnownFileType = sourcecode.c.h; path = PassAnswerViewController.h; sourceTree = "<group>"; };
		473354AB191B1C1800B800CB /* PassAnswerViewController.m */ = {isa = PBXFileReference; fileEncoding = 4; lastKnownFileType = sourcecode.c.objc; path = PassAnswerViewController.m; sourceTree = "<group>"; };
		473354AC191B1C1800B800CB /* PassEmailViewController.h */ = {isa = PBXFileReference; fileEncoding = 4; lastKnownFileType = sourcecode.c.h; path = PassEmailViewController.h; sourceTree = "<group>"; };
		473354AD191B1C1800B800CB /* PassEmailViewController.m */ = {isa = PBXFileReference; fileEncoding = 4; lastKnownFileType = sourcecode.c.objc; path = PassEmailViewController.m; sourceTree = "<group>"; };
		473354AE191B1C1800B800CB /* PassResetViewController.h */ = {isa = PBXFileReference; fileEncoding = 4; lastKnownFileType = sourcecode.c.h; path = PassResetViewController.h; sourceTree = "<group>"; };
		473354AF191B1C1800B800CB /* PassResetViewController.m */ = {isa = PBXFileReference; fileEncoding = 4; lastKnownFileType = sourcecode.c.objc; path = PassResetViewController.m; sourceTree = "<group>"; };
		473354BC191B1C3C00B800CB /* login.storyboard */ = {isa = PBXFileReference; fileEncoding = 4; lastKnownFileType = file.storyboard; path = login.storyboard; sourceTree = "<group>"; };
		473354BE191B1CC900B800CB /* login.xcassets */ = {isa = PBXFileReference; lastKnownFileType = folder.assetcatalog; path = login.xcassets; sourceTree = "<group>"; };
		473354C0191B1E6900B800CB /* RoolViewController.h */ = {isa = PBXFileReference; fileEncoding = 4; lastKnownFileType = sourcecode.c.h; path = RoolViewController.h; sourceTree = "<group>"; };
		473354C1191B1E6900B800CB /* RoolViewController.m */ = {isa = PBXFileReference; fileEncoding = 4; lastKnownFileType = sourcecode.c.objc; path = RoolViewController.m; sourceTree = "<group>"; };
		473354C3191B20B000B800CB /* RootViewModel.h */ = {isa = PBXFileReference; fileEncoding = 4; lastKnownFileType = sourcecode.c.h; path = RootViewModel.h; sourceTree = "<group>"; };
		473354C4191B20B000B800CB /* RootViewModel.m */ = {isa = PBXFileReference; fileEncoding = 4; lastKnownFileType = sourcecode.c.objc; path = RootViewModel.m; sourceTree = "<group>"; };
		473354C7191B240400B800CB /* main.storyboard */ = {isa = PBXFileReference; fileEncoding = 4; lastKnownFileType = file.storyboard; path = main.storyboard; sourceTree = "<group>"; };
		473354C9191B256A00B800CB /* MainTabbarViewController.h */ = {isa = PBXFileReference; fileEncoding = 4; lastKnownFileType = sourcecode.c.h; path = MainTabbarViewController.h; sourceTree = "<group>"; };
		473354CA191B256A00B800CB /* MainTabbarViewController.m */ = {isa = PBXFileReference; fileEncoding = 4; lastKnownFileType = sourcecode.c.objc; path = MainTabbarViewController.m; sourceTree = "<group>"; };
		473354CC191B2AE200B800CB /* CFNetwork.framework */ = {isa = PBXFileReference; lastKnownFileType = wrapper.framework; name = CFNetwork.framework; path = System/Library/Frameworks/CFNetwork.framework; sourceTree = SDKROOT; };
		473354CE191B2ED200B800CB /* CustomTabbar.h */ = {isa = PBXFileReference; fileEncoding = 4; lastKnownFileType = sourcecode.c.h; path = CustomTabbar.h; sourceTree = "<group>"; };
		473354CF191B2ED200B800CB /* CustomTabbar.m */ = {isa = PBXFileReference; fileEncoding = 4; lastKnownFileType = sourcecode.c.objc; path = CustomTabbar.m; sourceTree = "<group>"; };
		473354D1191B2EF300B800CB /* CustomTabbar.xib */ = {isa = PBXFileReference; fileEncoding = 4; lastKnownFileType = file.xib; path = CustomTabbar.xib; sourceTree = "<group>"; };
		473354D3191B308500B800CB /* main.xcassets */ = {isa = PBXFileReference; lastKnownFileType = folder.assetcatalog; path = main.xcassets; sourceTree = "<group>"; };
		473354D5191B3E7800B800CB /* CustomBarItem.h */ = {isa = PBXFileReference; fileEncoding = 4; lastKnownFileType = sourcecode.c.h; path = CustomBarItem.h; sourceTree = "<group>"; };
		473354D6191B3E7800B800CB /* CustomBarItem.m */ = {isa = PBXFileReference; fileEncoding = 4; lastKnownFileType = sourcecode.c.objc; path = CustomBarItem.m; sourceTree = "<group>"; };
		4757BB68191C68DB009A8938 /* MainPageViewModel.h */ = {isa = PBXFileReference; fileEncoding = 4; lastKnownFileType = sourcecode.c.h; path = MainPageViewModel.h; sourceTree = "<group>"; };
		4757BB69191C68DB009A8938 /* MainPageViewModel.m */ = {isa = PBXFileReference; fileEncoding = 4; lastKnownFileType = sourcecode.c.objc; path = MainPageViewModel.m; sourceTree = "<group>"; };
		4757BB6B191C81B3009A8938 /* MainPageButton.h */ = {isa = PBXFileReference; fileEncoding = 4; lastKnownFileType = sourcecode.c.h; path = MainPageButton.h; sourceTree = "<group>"; };
		4757BB6C191C81B3009A8938 /* MainPageButton.m */ = {isa = PBXFileReference; fileEncoding = 4; lastKnownFileType = sourcecode.c.objc; path = MainPageButton.m; sourceTree = "<group>"; };
		4757BB6E191CAB81009A8938 /* HTTPRequestBuilder+mainPage.h */ = {isa = PBXFileReference; fileEncoding = 4; lastKnownFileType = sourcecode.c.h; path = "HTTPRequestBuilder+mainPage.h"; sourceTree = "<group>"; };
		4757BB6F191CAB81009A8938 /* HTTPRequestBuilder+mainPage.m */ = {isa = PBXFileReference; fileEncoding = 4; lastKnownFileType = sourcecode.c.objc; path = "HTTPRequestBuilder+mainPage.m"; sourceTree = "<group>"; };
		476D39A2191DC57200742EE5 /* DBService.h */ = {isa = PBXFileReference; fileEncoding = 4; lastKnownFileType = sourcecode.c.h; path = DBService.h; sourceTree = "<group>"; };
		476D39A3191DC57200742EE5 /* DBService.m */ = {isa = PBXFileReference; fileEncoding = 4; lastKnownFileType = sourcecode.c.objc; path = DBService.m; sourceTree = "<group>"; };
		476D39EA191DC6DC00742EE5 /* itelDB.xcdatamodel */ = {isa = PBXFileReference; lastKnownFileType = wrapper.xcdatamodel; path = itelDB.xcdatamodel; sourceTree = "<group>"; };
		476D39EC191DC9B400742EE5 /* CoreData.framework */ = {isa = PBXFileReference; lastKnownFileType = wrapper.framework; name = CoreData.framework; path = System/Library/Frameworks/CoreData.framework; sourceTree = SDKROOT; };
		476D39EE191DD1EB00742EE5 /* PeopleViewController.h */ = {isa = PBXFileReference; fileEncoding = 4; lastKnownFileType = sourcecode.c.h; path = PeopleViewController.h; sourceTree = "<group>"; };
		476D39EF191DD1EB00742EE5 /* PeopleViewController.m */ = {isa = PBXFileReference; fileEncoding = 4; lastKnownFileType = sourcecode.c.objc; path = PeopleViewController.m; sourceTree = "<group>"; };
		476D39F1191DD22400742EE5 /* CoreDataTableViewController.h */ = {isa = PBXFileReference; fileEncoding = 4; lastKnownFileType = sourcecode.c.h; path = CoreDataTableViewController.h; sourceTree = "<group>"; };
		476D39F2191DD22400742EE5 /* CoreDataTableViewController.m */ = {isa = PBXFileReference; fileEncoding = 4; lastKnownFileType = sourcecode.c.objc; path = CoreDataTableViewController.m; sourceTree = "<group>"; };
		476D39F7191DD35300742EE5 /* ItelUser+CRUD.h */ = {isa = PBXFileReference; fileEncoding = 4; lastKnownFileType = sourcecode.c.h; path = "ItelUser+CRUD.h"; sourceTree = "<group>"; };
		476D39F8191DD35300742EE5 /* ItelUser+CRUD.m */ = {isa = PBXFileReference; fileEncoding = 4; lastKnownFileType = sourcecode.c.objc; path = "ItelUser+CRUD.m"; sourceTree = "<group>"; };
		476D39FA191DD3BE00742EE5 /* ItelUser.h */ = {isa = PBXFileReference; fileEncoding = 4; lastKnownFileType = sourcecode.c.h; path = ItelUser.h; sourceTree = "<group>"; };
		476D39FB191DD3BE00742EE5 /* ItelUser.m */ = {isa = PBXFileReference; fileEncoding = 4; lastKnownFileType = sourcecode.c.objc; path = ItelUser.m; sourceTree = "<group>"; };
		476D39FD191DD46200742EE5 /* ContactCell.h */ = {isa = PBXFileReference; fileEncoding = 4; lastKnownFileType = sourcecode.c.h; path = ContactCell.h; sourceTree = "<group>"; };
		476D39FE191DD46200742EE5 /* ContactCell.m */ = {isa = PBXFileReference; fileEncoding = 4; lastKnownFileType = sourcecode.c.objc; path = ContactCell.m; sourceTree = "<group>"; };
		476D3A00191DD5B900742EE5 /* UserViewController.h */ = {isa = PBXFileReference; fileEncoding = 4; lastKnownFileType = sourcecode.c.h; path = UserViewController.h; sourceTree = "<group>"; };
		476D3A01191DD5B900742EE5 /* UserViewController.m */ = {isa = PBXFileReference; fileEncoding = 4; lastKnownFileType = sourcecode.c.objc; path = UserViewController.m; sourceTree = "<group>"; };
		476D3A04191DD8C300742EE5 /* ContactViewModel.h */ = {isa = PBXFileReference; fileEncoding = 4; lastKnownFileType = sourcecode.c.h; path = ContactViewModel.h; sourceTree = "<group>"; };
		476D3A05191DD8C300742EE5 /* ContactViewModel.m */ = {isa = PBXFileReference; fileEncoding = 4; lastKnownFileType = sourcecode.c.objc; path = ContactViewModel.m; sourceTree = "<group>"; };
		476D3A07191DD96B00742EE5 /* HTTPRequestBuilder+contact.h */ = {isa = PBXFileReference; fileEncoding = 4; lastKnownFileType = sourcecode.c.h; path = "HTTPRequestBuilder+contact.h"; sourceTree = "<group>"; };
		476D3A08191DD96B00742EE5 /* HTTPRequestBuilder+contact.m */ = {isa = PBXFileReference; fileEncoding = 4; lastKnownFileType = sourcecode.c.objc; path = "HTTPRequestBuilder+contact.m"; sourceTree = "<group>"; };
		47838BD4191B5E3A00EE08AF /* DialView.storyboard */ = {isa = PBXFileReference; fileEncoding = 4; lastKnownFileType = file.storyboard; path = DialView.storyboard; sourceTree = "<group>"; };
		47838BD5191B5E3A00EE08AF /* DialViewModel.h */ = {isa = PBXFileReference; fileEncoding = 4; lastKnownFileType = sourcecode.c.h; path = DialViewModel.h; sourceTree = "<group>"; };
		47838BD6191B5E3A00EE08AF /* DialViewModel.m */ = {isa = PBXFileReference; fileEncoding = 4; lastKnownFileType = sourcecode.c.objc; path = DialViewModel.m; sourceTree = "<group>"; };
		47838BD9191B5F8500EE08AF /* RootTabbarController.h */ = {isa = PBXFileReference; fileEncoding = 4; lastKnownFileType = sourcecode.c.h; path = RootTabbarController.h; sourceTree = "<group>"; };
		47838BDA191B5F8500EE08AF /* RootTabbarController.m */ = {isa = PBXFileReference; fileEncoding = 4; lastKnownFileType = sourcecode.c.objc; path = RootTabbarController.m; sourceTree = "<group>"; };
		47838BE0191B5FD700EE08AF /* VideoCallingViewController.h */ = {isa = PBXFileReference; fileEncoding = 4; lastKnownFileType = sourcecode.c.h; path = VideoCallingViewController.h; sourceTree = "<group>"; };
		47838BE1191B5FD700EE08AF /* VideoCallingViewController.m */ = {isa = PBXFileReference; fileEncoding = 4; lastKnownFileType = sourcecode.c.objc; path = VideoCallingViewController.m; sourceTree = "<group>"; };
		47838BE2191B5FD700EE08AF /* VideoAnsweringViewController.h */ = {isa = PBXFileReference; fileEncoding = 4; lastKnownFileType = sourcecode.c.h; path = VideoAnsweringViewController.h; sourceTree = "<group>"; };
		47838BE3191B5FD700EE08AF /* VideoAnsweringViewController.m */ = {isa = PBXFileReference; fileEncoding = 4; lastKnownFileType = sourcecode.c.objc; path = VideoAnsweringViewController.m; sourceTree = "<group>"; };
		47838BE4191B5FD700EE08AF /* VideoSessionViewController.h */ = {isa = PBXFileReference; fileEncoding = 4; lastKnownFileType = sourcecode.c.h; path = VideoSessionViewController.h; sourceTree = "<group>"; };
		47838BE5191B5FD700EE08AF /* VideoSessionViewController.m */ = {isa = PBXFileReference; fileEncoding = 4; lastKnownFileType = sourcecode.c.objc; path = VideoSessionViewController.m; sourceTree = "<group>"; };
		47838BE6191B5FD700EE08AF /* AudioCallingViewController.h */ = {isa = PBXFileReference; fileEncoding = 4; lastKnownFileType = sourcecode.c.h; path = AudioCallingViewController.h; sourceTree = "<group>"; };
		47838BE7191B5FD700EE08AF /* AudioCallingViewController.m */ = {isa = PBXFileReference; fileEncoding = 4; lastKnownFileType = sourcecode.c.objc; path = AudioCallingViewController.m; sourceTree = "<group>"; };
		47838BE8191B5FD700EE08AF /* AudioAnsweringViewController.h */ = {isa = PBXFileReference; fileEncoding = 4; lastKnownFileType = sourcecode.c.h; path = AudioAnsweringViewController.h; sourceTree = "<group>"; };
		47838BE9191B5FD700EE08AF /* AudioAnsweringViewController.m */ = {isa = PBXFileReference; fileEncoding = 4; lastKnownFileType = sourcecode.c.objc; path = AudioAnsweringViewController.m; sourceTree = "<group>"; };
		47838BEA191B5FD700EE08AF /* AudioSessionViewController.h */ = {isa = PBXFileReference; fileEncoding = 4; lastKnownFileType = sourcecode.c.h; path = AudioSessionViewController.h; sourceTree = "<group>"; };
		47838BEB191B5FD700EE08AF /* AudioSessionViewController.m */ = {isa = PBXFileReference; fileEncoding = 4; lastKnownFileType = sourcecode.c.objc; path = AudioSessionViewController.m; sourceTree = "<group>"; };
		47838BEC191B5FD700EE08AF /* DialingViewController.h */ = {isa = PBXFileReference; fileEncoding = 4; lastKnownFileType = sourcecode.c.h; path = DialingViewController.h; sourceTree = "<group>"; };
		47838BED191B5FD700EE08AF /* DialingViewController.m */ = {isa = PBXFileReference; fileEncoding = 4; lastKnownFileType = sourcecode.c.objc; path = DialingViewController.m; sourceTree = "<group>"; };
		47838BF6191B5FF500EE08AF /* DialNumberButton.h */ = {isa = PBXFileReference; fileEncoding = 4; lastKnownFileType = sourcecode.c.h; path = DialNumberButton.h; sourceTree = "<group>"; };
		47838BF7191B5FF500EE08AF /* DialNumberButton.m */ = {isa = PBXFileReference; fileEncoding = 4; lastKnownFileType = sourcecode.c.objc; path = DialNumberButton.m; sourceTree = "<group>"; };
		47838BF8191B5FF500EE08AF /* DialTableViewCell.h */ = {isa = PBXFileReference; fileEncoding = 4; lastKnownFileType = sourcecode.c.h; path = DialTableViewCell.h; sourceTree = "<group>"; };
		47838BF9191B5FF500EE08AF /* DialTableViewCell.m */ = {isa = PBXFileReference; fileEncoding = 4; lastKnownFileType = sourcecode.c.objc; path = DialTableViewCell.m; sourceTree = "<group>"; };
		47838BFA191B5FF500EE08AF /* DialTableViewModel.h */ = {isa = PBXFileReference; fileEncoding = 4; lastKnownFileType = sourcecode.c.h; path = DialTableViewModel.h; sourceTree = "<group>"; };
		47838BFB191B5FF500EE08AF /* DialTableViewModel.m */ = {isa = PBXFileReference; fileEncoding = 4; lastKnownFileType = sourcecode.c.objc; path = DialTableViewModel.m; sourceTree = "<group>"; };
		47838BFF191B600400EE08AF /* dial.xcassets */ = {isa = PBXFileReference; lastKnownFileType = folder.assetcatalog; path = dial.xcassets; sourceTree = "<group>"; };
		47838C01191B639B00EE08AF /* AppService.h */ = {isa = PBXFileReference; fileEncoding = 4; lastKnownFileType = sourcecode.c.h; path = AppService.h; sourceTree = "<group>"; };
		47838C02191B639B00EE08AF /* AppService.m */ = {isa = PBXFileReference; fileEncoding = 4; lastKnownFileType = sourcecode.c.objc; path = AppService.m; sourceTree = "<group>"; };
		47838C05191B789600EE08AF /* MainPageViewController.h */ = {isa = PBXFileReference; fileEncoding = 4; lastKnownFileType = sourcecode.c.h; path = MainPageViewController.h; sourceTree = "<group>"; };
		47838C06191B789600EE08AF /* MainPageViewController.m */ = {isa = PBXFileReference; fileEncoding = 4; lastKnownFileType = sourcecode.c.objc; path = MainPageViewController.m; sourceTree = "<group>"; };
		47838C0C191B798D00EE08AF /* Recent.storyboard */ = {isa = PBXFileReference; fileEncoding = 4; lastKnownFileType = file.storyboard; path = Recent.storyboard; sourceTree = "<group>"; };
		47838C0E191B79B200EE08AF /* Contact.storyboard */ = {isa = PBXFileReference; fileEncoding = 4; lastKnownFileType = file.storyboard; path = Contact.storyboard; sourceTree = "<group>"; };
		47838C10191B79C100EE08AF /* Message.storyboard */ = {isa = PBXFileReference; fileEncoding = 4; lastKnownFileType = file.storyboard; path = Message.storyboard; sourceTree = "<group>"; };
		47838C12191B79D100EE08AF /* More.storyboard */ = {isa = PBXFileReference; fileEncoding = 4; lastKnownFileType = file.storyboard; path = More.storyboard; sourceTree = "<group>"; };
		47838C14191B7A3000EE08AF /* more.xcassets */ = {isa = PBXFileReference; lastKnownFileType = folder.assetcatalog; path = more.xcassets; sourceTree = "<group>"; };
		47838C16191B7AF800EE08AF /* message.xcassets */ = {isa = PBXFileReference; lastKnownFileType = folder.assetcatalog; path = message.xcassets; sourceTree = "<group>"; };
		47838C18191B7B0700EE08AF /* contact.xcassets */ = {isa = PBXFileReference; lastKnownFileType = folder.assetcatalog; path = contact.xcassets; sourceTree = "<group>"; };
		47838C1A191B7B1600EE08AF /* recent.xcassets */ = {isa = PBXFileReference; lastKnownFileType = folder.assetcatalog; path = recent.xcassets; sourceTree = "<group>"; };
		47929B65191B164F0054292D /* itelNSC.app */ = {isa = PBXFileReference; explicitFileType = wrapper.application; includeInIndex = 0; path = itelNSC.app; sourceTree = BUILT_PRODUCTS_DIR; };
		47929B68191B164F0054292D /* Foundation.framework */ = {isa = PBXFileReference; lastKnownFileType = wrapper.framework; name = Foundation.framework; path = System/Library/Frameworks/Foundation.framework; sourceTree = SDKROOT; };
		47929B6A191B164F0054292D /* CoreGraphics.framework */ = {isa = PBXFileReference; lastKnownFileType = wrapper.framework; name = CoreGraphics.framework; path = System/Library/Frameworks/CoreGraphics.framework; sourceTree = SDKROOT; };
		47929B6C191B164F0054292D /* UIKit.framework */ = {isa = PBXFileReference; lastKnownFileType = wrapper.framework; name = UIKit.framework; path = System/Library/Frameworks/UIKit.framework; sourceTree = SDKROOT; };
		47929B70191B164F0054292D /* itelNSC-Info.plist */ = {isa = PBXFileReference; lastKnownFileType = text.plist.xml; path = "itelNSC-Info.plist"; sourceTree = "<group>"; };
		47929B72191B164F0054292D /* en */ = {isa = PBXFileReference; lastKnownFileType = text.plist.strings; name = en; path = en.lproj/InfoPlist.strings; sourceTree = "<group>"; };
		47929B74191B164F0054292D /* main.m */ = {isa = PBXFileReference; lastKnownFileType = sourcecode.c.objc; path = main.m; sourceTree = "<group>"; };
		47929B76191B164F0054292D /* itelNSC-Prefix.pch */ = {isa = PBXFileReference; lastKnownFileType = sourcecode.c.h; path = "itelNSC-Prefix.pch"; sourceTree = "<group>"; };
		47929B77191B164F0054292D /* MaoAppDelegate.h */ = {isa = PBXFileReference; lastKnownFileType = sourcecode.c.h; path = MaoAppDelegate.h; sourceTree = "<group>"; };
		47929B78191B164F0054292D /* MaoAppDelegate.m */ = {isa = PBXFileReference; lastKnownFileType = sourcecode.c.objc; path = MaoAppDelegate.m; sourceTree = "<group>"; };
		47929B7B191B164F0054292D /* Base */ = {isa = PBXFileReference; lastKnownFileType = file.storyboard; name = Base; path = Base.lproj/Root.storyboard; sourceTree = "<group>"; };
		47929B80191B164F0054292D /* Images.xcassets */ = {isa = PBXFileReference; lastKnownFileType = folder.assetcatalog; path = Images.xcassets; sourceTree = "<group>"; };
		47929B86191B164F0054292D /* itelNSCTests.xctest */ = {isa = PBXFileReference; explicitFileType = wrapper.cfbundle; includeInIndex = 0; path = itelNSCTests.xctest; sourceTree = BUILT_PRODUCTS_DIR; };
		47929B87191B164F0054292D /* XCTest.framework */ = {isa = PBXFileReference; lastKnownFileType = wrapper.framework; name = XCTest.framework; path = Library/Frameworks/XCTest.framework; sourceTree = DEVELOPER_DIR; };
		47929B8F191B164F0054292D /* itelNSCTests-Info.plist */ = {isa = PBXFileReference; lastKnownFileType = text.plist.xml; path = "itelNSCTests-Info.plist"; sourceTree = "<group>"; };
		47929B91191B164F0054292D /* en */ = {isa = PBXFileReference; lastKnownFileType = text.plist.strings; name = en; path = en.lproj/InfoPlist.strings; sourceTree = "<group>"; };
		47929B93191B164F0054292D /* itelNSCTests.m */ = {isa = PBXFileReference; lastKnownFileType = sourcecode.c.objc; path = itelNSCTests.m; sourceTree = "<group>"; };
		47A1884A19209A07006E8013 /* EditAliasViewController.h */ = {isa = PBXFileReference; fileEncoding = 4; lastKnownFileType = sourcecode.c.h; path = EditAliasViewController.h; sourceTree = "<group>"; };
		47A1884B19209A07006E8013 /* EditAliasViewController.m */ = {isa = PBXFileReference; fileEncoding = 4; lastKnownFileType = sourcecode.c.objc; path = EditAliasViewController.m; sourceTree = "<group>"; };
		47A1885319209E48006E8013 /* ContactUserViewModel.h */ = {isa = PBXFileReference; fileEncoding = 4; lastKnownFileType = sourcecode.c.h; path = ContactUserViewModel.h; sourceTree = "<group>"; };
		47A1885419209E48006E8013 /* ContactUserViewModel.m */ = {isa = PBXFileReference; fileEncoding = 4; lastKnownFileType = sourcecode.c.objc; path = ContactUserViewModel.m; sourceTree = "<group>"; };
		815C2441F4894284BD56C245 /* Pods-itelNSCTests.xcconfig */ = {isa = PBXFileReference; includeInIndex = 1; lastKnownFileType = text.xcconfig; name = "Pods-itelNSCTests.xcconfig"; path = "Pods/Pods-itelNSCTests.xcconfig"; sourceTree = "<group>"; };
		F2DCCDFA5B5A4BBCAB7CA810 /* libPods.a */ = {isa = PBXFileReference; explicitFileType = archive.ar; includeInIndex = 0; path = libPods.a; sourceTree = BUILT_PRODUCTS_DIR; };
/* End PBXFileReference section */

/* Begin PBXFrameworksBuildPhase section */
		47929B62191B164F0054292D /* Frameworks */ = {
			isa = PBXFrameworksBuildPhase;
			buildActionMask = 2147483647;
			files = (
				476D39ED191DC9B400742EE5 /* CoreData.framework in Frameworks */,
				473354CD191B2AE200B800CB /* CFNetwork.framework in Frameworks */,
				47929B6B191B164F0054292D /* CoreGraphics.framework in Frameworks */,
				47929B6D191B164F0054292D /* UIKit.framework in Frameworks */,
				47929B69191B164F0054292D /* Foundation.framework in Frameworks */,
				019AE0312DD5461BB0545B9B /* libPods.a in Frameworks */,
			);
			runOnlyForDeploymentPostprocessing = 0;
		};
		47929B83191B164F0054292D /* Frameworks */ = {
			isa = PBXFrameworksBuildPhase;
			buildActionMask = 2147483647;
			files = (
				47929B88191B164F0054292D /* XCTest.framework in Frameworks */,
				47929B8A191B164F0054292D /* UIKit.framework in Frameworks */,
				47929B89191B164F0054292D /* Foundation.framework in Frameworks */,
				CB1F6AFEA3184BDB81C53864 /* libPods-itelNSCTests.a in Frameworks */,
			);
			runOnlyForDeploymentPostprocessing = 0;
		};
/* End PBXFrameworksBuildPhase section */

/* Begin PBXGroup section */
		47335478191B1B2300B800CB /* RegisterAndLogin */ = {
			isa = PBXGroup;
			children = (
				473354BE191B1CC900B800CB /* login.xcassets */,
				473354BC191B1C3C00B800CB /* login.storyboard */,
				47335497191B1BFC00B800CB /* viewControllers */,
				4733548D191B1BD900B800CB /* viewModels */,
			);
			name = RegisterAndLogin;
			path = itelNSC;
			sourceTree = "<group>";
		};
		47335479191B1B9600B800CB /* services */ = {
			isa = PBXGroup;
			children = (
				4733547A191B1BAE00B800CB /* HTTPService.h */,
				4733547B191B1BAE00B800CB /* HTTPService.m */,
				47838C01191B639B00EE08AF /* AppService.h */,
				47838C02191B639B00EE08AF /* AppService.m */,
				476D39A2191DC57200742EE5 /* DBService.h */,
				476D39A3191DC57200742EE5 /* DBService.m */,
				476D39FA191DD3BE00742EE5 /* ItelUser.h */,
				476D39FB191DD3BE00742EE5 /* ItelUser.m */,
				476D39E9191DC6DC00742EE5 /* itelDB.xcdatamodeld */,
				476D39F7191DD35300742EE5 /* ItelUser+CRUD.h */,
				476D39F8191DD35300742EE5 /* ItelUser+CRUD.m */,
			);
			name = services;
			sourceTree = "<group>";
		};
		4733547D191B1BB900B800CB /* models */ = {
			isa = PBXGroup;
			children = (
				476D39F1191DD22400742EE5 /* CoreDataTableViewController.h */,
				476D39F2191DD22400742EE5 /* CoreDataTableViewController.m */,
				4733547E191B1BCA00B800CB /* NSString+MD5.h */,
				4733547F191B1BCA00B800CB /* NSString+MD5.m */,
				47335480191B1BCA00B800CB /* NXInputChecker.h */,
				47335481191B1BCA00B800CB /* NXInputChecker.m */,
				47335482191B1BCA00B800CB /* HTTPRequestBuilder.h */,
				47335483191B1BCA00B800CB /* HTTPRequestBuilder.m */,
				47335484191B1BCA00B800CB /* HTTPRequestBuilder+LoginAndRegister.h */,
				47335485191B1BCA00B800CB /* HTTPRequestBuilder+LoginAndRegister.m */,
				47335486191B1BCA00B800CB /* BaseViewModel.h */,
				47335487191B1BCA00B800CB /* BaseViewModel.m */,
			);
			name = models;
			sourceTree = "<group>";
		};
		4733548D191B1BD900B800CB /* viewModels */ = {
			isa = PBXGroup;
			children = (
				4733548E191B1BF300B800CB /* LoginViewModel.h */,
				4733548F191B1BF300B800CB /* LoginViewModel.m */,
				47335490191B1BF300B800CB /* RegisterViewModel.h */,
				47335491191B1BF300B800CB /* RegisterViewModel.m */,
				47335492191B1BF300B800CB /* PassViewModel.h */,
				47335493191B1BF300B800CB /* PassViewModel.m */,
			);
			name = viewModels;
			sourceTree = "<group>";
		};
		47335497191B1BFC00B800CB /* viewControllers */ = {
			isa = PBXGroup;
			children = (
				47335498191B1C1800B800CB /* LoginViewController.h */,
				47335499191B1C1800B800CB /* LoginViewController.m */,
				4733549A191B1C1800B800CB /* LoginTableViewCell.h */,
				4733549B191B1C1800B800CB /* LoginTableViewCell.m */,
				4733549C191B1C1800B800CB /* RegTypeViewController.h */,
				4733549D191B1C1800B800CB /* RegTypeViewController.m */,
				4733549E191B1C1800B800CB /* RegDetailViewController.h */,
				4733549F191B1C1800B800CB /* RegDetailViewController.m */,
				473354A0191B1C1800B800CB /* RegMesViewController.h */,
				473354A1191B1C1800B800CB /* RegMesViewController.m */,
				473354A2191B1C1800B800CB /* RegChooseNumberViewController.h */,
				473354A3191B1C1800B800CB /* RegChooseNumberViewController.m */,
				473354A4191B1C1800B800CB /* PassViewController.h */,
				473354A5191B1C1800B800CB /* PassViewController.m */,
				473354A6191B1C1800B800CB /* PassWayViewController.h */,
				473354A7191B1C1800B800CB /* PassWayViewController.m */,
				473354A8191B1C1800B800CB /* PassMesViewController.h */,
				473354A9191B1C1800B800CB /* PassMesViewController.m */,
				473354AA191B1C1800B800CB /* PassAnswerViewController.h */,
				473354AB191B1C1800B800CB /* PassAnswerViewController.m */,
				473354AC191B1C1800B800CB /* PassEmailViewController.h */,
				473354AD191B1C1800B800CB /* PassEmailViewController.m */,
				473354AE191B1C1800B800CB /* PassResetViewController.h */,
				473354AF191B1C1800B800CB /* PassResetViewController.m */,
			);
			name = viewControllers;
			sourceTree = "<group>";
		};
		473354C6191B23AB00B800CB /* MainView */ = {
			isa = PBXGroup;
			children = (
				473354C7191B240400B800CB /* main.storyboard */,
				473354C9191B256A00B800CB /* MainTabbarViewController.h */,
				473354CA191B256A00B800CB /* MainTabbarViewController.m */,
				47838C05191B789600EE08AF /* MainPageViewController.h */,
				47838C06191B789600EE08AF /* MainPageViewController.m */,
				4757BB6B191C81B3009A8938 /* MainPageButton.h */,
				4757BB6C191C81B3009A8938 /* MainPageButton.m */,
				4757BB67191C68B9009A8938 /* viewModel */,
				47838C04191B785E00EE08AF /* views */,
				473354D1191B2EF300B800CB /* CustomTabbar.xib */,
				473354D3191B308500B800CB /* main.xcassets */,
			);
			name = MainView;
			sourceTree = "<group>";
		};
		4757BB67191C68B9009A8938 /* viewModel */ = {
			isa = PBXGroup;
			children = (
				4757BB68191C68DB009A8938 /* MainPageViewModel.h */,
				4757BB69191C68DB009A8938 /* MainPageViewModel.m */,
				4757BB6E191CAB81009A8938 /* HTTPRequestBuilder+mainPage.h */,
				4757BB6F191CAB81009A8938 /* HTTPRequestBuilder+mainPage.m */,
			);
			name = viewModel;
			sourceTree = "<group>";
		};
		476D3A03191DD8A200742EE5 /* viewModels */ = {
			isa = PBXGroup;
			children = (
				476D3A04191DD8C300742EE5 /* ContactViewModel.h */,
				476D3A05191DD8C300742EE5 /* ContactViewModel.m */,
				47A1885319209E48006E8013 /* ContactUserViewModel.h */,
				47A1885419209E48006E8013 /* ContactUserViewModel.m */,
				476D3A07191DD96B00742EE5 /* HTTPRequestBuilder+contact.h */,
				476D3A08191DD96B00742EE5 /* HTTPRequestBuilder+contact.m */,
			);
			name = viewModels;
			sourceTree = "<group>";
		};
		47838BD3191B5DB700EE08AF /* DialViewSence */ = {
			isa = PBXGroup;
			children = (
				47838BFF191B600400EE08AF /* dial.xcassets */,
				47838BD4191B5E3A00EE08AF /* DialView.storyboard */,
				47838BD5191B5E3A00EE08AF /* DialViewModel.h */,
				47838BD6191B5E3A00EE08AF /* DialViewModel.m */,
				47838BD9191B5F8500EE08AF /* RootTabbarController.h */,
				47838BDA191B5F8500EE08AF /* RootTabbarController.m */,
				47838BDF191B5FC600EE08AF /* SubVCs */,
			);
			name = DialViewSence;
			sourceTree = "<group>";
		};
		47838BDF191B5FC600EE08AF /* SubVCs */ = {
			isa = PBXGroup;
			children = (
				47838BE0191B5FD700EE08AF /* VideoCallingViewController.h */,
				47838BE1191B5FD700EE08AF /* VideoCallingViewController.m */,
				47838BE2191B5FD700EE08AF /* VideoAnsweringViewController.h */,
				47838BE3191B5FD700EE08AF /* VideoAnsweringViewController.m */,
				47838BE4191B5FD700EE08AF /* VideoSessionViewController.h */,
				47838BE5191B5FD700EE08AF /* VideoSessionViewController.m */,
				47838BE6191B5FD700EE08AF /* AudioCallingViewController.h */,
				47838BE7191B5FD700EE08AF /* AudioCallingViewController.m */,
				47838BE8191B5FD700EE08AF /* AudioAnsweringViewController.h */,
				47838BE9191B5FD700EE08AF /* AudioAnsweringViewController.m */,
				47838BEA191B5FD700EE08AF /* AudioSessionViewController.h */,
				47838BEB191B5FD700EE08AF /* AudioSessionViewController.m */,
				47838BEC191B5FD700EE08AF /* DialingViewController.h */,
				47838BED191B5FD700EE08AF /* DialingViewController.m */,
				47838BF5191B5FE100EE08AF /* DialingViewModel */,
			);
			name = SubVCs;
			sourceTree = "<group>";
		};
		47838BF5191B5FE100EE08AF /* DialingViewModel */ = {
			isa = PBXGroup;
			children = (
				47838BF6191B5FF500EE08AF /* DialNumberButton.h */,
				47838BF7191B5FF500EE08AF /* DialNumberButton.m */,
				47838BF8191B5FF500EE08AF /* DialTableViewCell.h */,
				47838BF9191B5FF500EE08AF /* DialTableViewCell.m */,
				47838BFA191B5FF500EE08AF /* DialTableViewModel.h */,
				47838BFB191B5FF500EE08AF /* DialTableViewModel.m */,
			);
			name = DialingViewModel;
			sourceTree = "<group>";
		};
		47838C04191B785E00EE08AF /* views */ = {
			isa = PBXGroup;
			children = (
				473354CE191B2ED200B800CB /* CustomTabbar.h */,
				473354CF191B2ED200B800CB /* CustomTabbar.m */,
				473354D5191B3E7800B800CB /* CustomBarItem.h */,
				473354D6191B3E7800B800CB /* CustomBarItem.m */,
			);
			name = views;
			sourceTree = "<group>";
		};
		47838C08191B793200EE08AF /* RecentView */ = {
			isa = PBXGroup;
			children = (
				47838C0C191B798D00EE08AF /* Recent.storyboard */,
				47838C1A191B7B1600EE08AF /* recent.xcassets */,
			);
			name = RecentView;
			sourceTree = "<group>";
		};
		47838C09191B793E00EE08AF /* ContactView */ = {
			isa = PBXGroup;
			children = (
				476D3A03191DD8A200742EE5 /* viewModels */,
				476D39EE191DD1EB00742EE5 /* PeopleViewController.h */,
				476D39EF191DD1EB00742EE5 /* PeopleViewController.m */,
				476D3A00191DD5B900742EE5 /* UserViewController.h */,
				476D3A01191DD5B900742EE5 /* UserViewController.m */,
				47A1884A19209A07006E8013 /* EditAliasViewController.h */,
				47A1884B19209A07006E8013 /* EditAliasViewController.m */,
				476D39FD191DD46200742EE5 /* ContactCell.h */,
				476D39FE191DD46200742EE5 /* ContactCell.m */,
				47838C0E191B79B200EE08AF /* Contact.storyboard */,
				47838C18191B7B0700EE08AF /* contact.xcassets */,
			);
			name = ContactView;
			sourceTree = "<group>";
		};
		47838C0A191B795000EE08AF /* MessageView */ = {
			isa = PBXGroup;
			children = (
				47838C10191B79C100EE08AF /* Message.storyboard */,
				47838C16191B7AF800EE08AF /* message.xcassets */,
			);
			name = MessageView;
			sourceTree = "<group>";
		};
		47838C0B191B796300EE08AF /* MoreView */ = {
			isa = PBXGroup;
			children = (
				47838C12191B79D100EE08AF /* More.storyboard */,
				47838C14191B7A3000EE08AF /* more.xcassets */,
			);
			name = MoreView;
			sourceTree = "<group>";
		};
		47929B5C191B164F0054292D = {
			isa = PBXGroup;
			children = (
				47838C0B191B796300EE08AF /* MoreView */,
				47838C0A191B795000EE08AF /* MessageView */,
				47838C09191B793E00EE08AF /* ContactView */,
				47838C08191B793200EE08AF /* RecentView */,
				47838BD3191B5DB700EE08AF /* DialViewSence */,
				473354C6191B23AB00B800CB /* MainView */,
				47335478191B1B2300B800CB /* RegisterAndLogin */,
				47929B6E191B164F0054292D /* itelNSC */,
				47929B67191B164F0054292D /* Frameworks */,
				47929B66191B164F0054292D /* Products */,
				28E822647253439B999D3369 /* Pods.xcconfig */,
				815C2441F4894284BD56C245 /* Pods-itelNSCTests.xcconfig */,
				47929B8D191B164F0054292D /* itelNSCTests */,
			);
			sourceTree = "<group>";
		};
		47929B66191B164F0054292D /* Products */ = {
			isa = PBXGroup;
			children = (
				47929B65191B164F0054292D /* itelNSC.app */,
				47929B86191B164F0054292D /* itelNSCTests.xctest */,
			);
			name = Products;
			sourceTree = "<group>";
		};
		47929B67191B164F0054292D /* Frameworks */ = {
			isa = PBXGroup;
			children = (
				476D39EC191DC9B400742EE5 /* CoreData.framework */,
				473354CC191B2AE200B800CB /* CFNetwork.framework */,
				47929B68191B164F0054292D /* Foundation.framework */,
				47929B6A191B164F0054292D /* CoreGraphics.framework */,
				47929B6C191B164F0054292D /* UIKit.framework */,
				47929B87191B164F0054292D /* XCTest.framework */,
				F2DCCDFA5B5A4BBCAB7CA810 /* libPods.a */,
				43D9AB139A734F2896A91E3D /* libPods-itelNSCTests.a */,
			);
			name = Frameworks;
			sourceTree = "<group>";
		};
		47929B6E191B164F0054292D /* itelNSC */ = {
			isa = PBXGroup;
			children = (
				4733547D191B1BB900B800CB /* models */,
				47335479191B1B9600B800CB /* services */,
				47929B77191B164F0054292D /* MaoAppDelegate.h */,
				47929B78191B164F0054292D /* MaoAppDelegate.m */,
				47929B7A191B164F0054292D /* Root.storyboard */,
				473354C0191B1E6900B800CB /* RoolViewController.h */,
				473354C1191B1E6900B800CB /* RoolViewController.m */,
				473354C3191B20B000B800CB /* RootViewModel.h */,
				473354C4191B20B000B800CB /* RootViewModel.m */,
				47929B80191B164F0054292D /* Images.xcassets */,
				47929B6F191B164F0054292D /* Supporting Files */,
			);
			path = itelNSC;
			sourceTree = "<group>";
		};
		47929B6F191B164F0054292D /* Supporting Files */ = {
			isa = PBXGroup;
			children = (
				47929B70191B164F0054292D /* itelNSC-Info.plist */,
				47929B71191B164F0054292D /* InfoPlist.strings */,
				47929B74191B164F0054292D /* main.m */,
				47929B76191B164F0054292D /* itelNSC-Prefix.pch */,
			);
			name = "Supporting Files";
			sourceTree = "<group>";
		};
		47929B8D191B164F0054292D /* itelNSCTests */ = {
			isa = PBXGroup;
			children = (
				47929B93191B164F0054292D /* itelNSCTests.m */,
				47929B8E191B164F0054292D /* Supporting Files */,
			);
			path = itelNSCTests;
			sourceTree = "<group>";
		};
		47929B8E191B164F0054292D /* Supporting Files */ = {
			isa = PBXGroup;
			children = (
				47929B8F191B164F0054292D /* itelNSCTests-Info.plist */,
				47929B90191B164F0054292D /* InfoPlist.strings */,
			);
			name = "Supporting Files";
			sourceTree = "<group>";
		};
/* End PBXGroup section */

/* Begin PBXNativeTarget section */
		47929B64191B164F0054292D /* itelNSC */ = {
			isa = PBXNativeTarget;
			buildConfigurationList = 47929B97191B164F0054292D /* Build configuration list for PBXNativeTarget "itelNSC" */;
			buildPhases = (
				2C548DCFC33948C9B6E80305 /* Check Pods Manifest.lock */,
				47929B61191B164F0054292D /* Sources */,
				47929B62191B164F0054292D /* Frameworks */,
				47929B63191B164F0054292D /* Resources */,
				EA891D92E4064736AF01B7B8 /* Copy Pods Resources */,
			);
			buildRules = (
			);
			dependencies = (
			);
			name = itelNSC;
			productName = itelNSC;
			productReference = 47929B65191B164F0054292D /* itelNSC.app */;
			productType = "com.apple.product-type.application";
		};
		47929B85191B164F0054292D /* itelNSCTests */ = {
			isa = PBXNativeTarget;
			buildConfigurationList = 47929B9A191B164F0054292D /* Build configuration list for PBXNativeTarget "itelNSCTests" */;
			buildPhases = (
				7462CE9158884CD39ED378DB /* Check Pods Manifest.lock */,
				47929B82191B164F0054292D /* Sources */,
				47929B83191B164F0054292D /* Frameworks */,
				47929B84191B164F0054292D /* Resources */,
				FDF5BC1036844907BEDB79B9 /* Copy Pods Resources */,
			);
			buildRules = (
			);
			dependencies = (
				47929B8C191B164F0054292D /* PBXTargetDependency */,
			);
			name = itelNSCTests;
			productName = itelNSCTests;
			productReference = 47929B86191B164F0054292D /* itelNSCTests.xctest */;
			productType = "com.apple.product-type.bundle.unit-test";
		};
/* End PBXNativeTarget section */

/* Begin PBXProject section */
		47929B5D191B164F0054292D /* Project object */ = {
			isa = PBXProject;
			attributes = {
				CLASSPREFIX = Mao;
				LastUpgradeCheck = 0510;
				ORGANIZATIONNAME = reactiveCocoa;
				TargetAttributes = {
					47929B85191B164F0054292D = {
						TestTargetID = 47929B64191B164F0054292D;
					};
				};
			};
			buildConfigurationList = 47929B60191B164F0054292D /* Build configuration list for PBXProject "itelNSC" */;
			compatibilityVersion = "Xcode 3.2";
			developmentRegion = English;
			hasScannedForEncodings = 0;
			knownRegions = (
				en,
				Base,
			);
			mainGroup = 47929B5C191B164F0054292D;
			productRefGroup = 47929B66191B164F0054292D /* Products */;
			projectDirPath = "";
			projectRoot = "";
			targets = (
				47929B64191B164F0054292D /* itelNSC */,
				47929B85191B164F0054292D /* itelNSCTests */,
			);
		};
/* End PBXProject section */

/* Begin PBXResourcesBuildPhase section */
		47929B63191B164F0054292D /* Resources */ = {
			isa = PBXResourcesBuildPhase;
			buildActionMask = 2147483647;
			files = (
				473354D2191B2EF300B800CB /* CustomTabbar.xib in Resources */,
				47838C17191B7AF800EE08AF /* message.xcassets in Resources */,
				47838C0F191B79B200EE08AF /* Contact.storyboard in Resources */,
				47838C15191B7A3000EE08AF /* more.xcassets in Resources */,
				47929B81191B164F0054292D /* Images.xcassets in Resources */,
				47838C0D191B798D00EE08AF /* Recent.storyboard in Resources */,
				473354C8191B240400B800CB /* main.storyboard in Resources */,
				47838C00191B600400EE08AF /* dial.xcassets in Resources */,
				47838BD7191B5E3A00EE08AF /* DialView.storyboard in Resources */,
				473354BF191B1CC900B800CB /* login.xcassets in Resources */,
				47838C1B191B7B1600EE08AF /* recent.xcassets in Resources */,
				47929B73191B164F0054292D /* InfoPlist.strings in Resources */,
				47838C19191B7B0700EE08AF /* contact.xcassets in Resources */,
				47838C13191B79D100EE08AF /* More.storyboard in Resources */,
				47929B7C191B164F0054292D /* Root.storyboard in Resources */,
				473354D4191B308500B800CB /* main.xcassets in Resources */,
				47838C11191B79C100EE08AF /* Message.storyboard in Resources */,
				473354BD191B1C3C00B800CB /* login.storyboard in Resources */,
			);
			runOnlyForDeploymentPostprocessing = 0;
		};
		47929B84191B164F0054292D /* Resources */ = {
			isa = PBXResourcesBuildPhase;
			buildActionMask = 2147483647;
			files = (
				47929B92191B164F0054292D /* InfoPlist.strings in Resources */,
			);
			runOnlyForDeploymentPostprocessing = 0;
		};
/* End PBXResourcesBuildPhase section */

/* Begin PBXShellScriptBuildPhase section */
		2C548DCFC33948C9B6E80305 /* Check Pods Manifest.lock */ = {
			isa = PBXShellScriptBuildPhase;
			buildActionMask = 2147483647;
			files = (
			);
			inputPaths = (
			);
			name = "Check Pods Manifest.lock";
			outputPaths = (
			);
			runOnlyForDeploymentPostprocessing = 0;
			shellPath = /bin/sh;
			shellScript = "diff \"${PODS_ROOT}/../Podfile.lock\" \"${PODS_ROOT}/Manifest.lock\" > /dev/null\nif [[ $? != 0 ]] ; then\n    cat << EOM\nerror: The sandbox is not in sync with the Podfile.lock. Run 'pod install' or update your CocoaPods installation.\nEOM\n    exit 1\nfi\n";
			showEnvVarsInLog = 0;
		};
		7462CE9158884CD39ED378DB /* Check Pods Manifest.lock */ = {
			isa = PBXShellScriptBuildPhase;
			buildActionMask = 2147483647;
			files = (
			);
			inputPaths = (
			);
			name = "Check Pods Manifest.lock";
			outputPaths = (
			);
			runOnlyForDeploymentPostprocessing = 0;
			shellPath = /bin/sh;
			shellScript = "diff \"${PODS_ROOT}/../Podfile.lock\" \"${PODS_ROOT}/Manifest.lock\" > /dev/null\nif [[ $? != 0 ]] ; then\n    cat << EOM\nerror: The sandbox is not in sync with the Podfile.lock. Run 'pod install' or update your CocoaPods installation.\nEOM\n    exit 1\nfi\n";
			showEnvVarsInLog = 0;
		};
		EA891D92E4064736AF01B7B8 /* Copy Pods Resources */ = {
			isa = PBXShellScriptBuildPhase;
			buildActionMask = 2147483647;
			files = (
			);
			inputPaths = (
			);
			name = "Copy Pods Resources";
			outputPaths = (
			);
			runOnlyForDeploymentPostprocessing = 0;
			shellPath = /bin/sh;
			shellScript = "\"${SRCROOT}/Pods/Pods-resources.sh\"\n";
			showEnvVarsInLog = 0;
		};
		FDF5BC1036844907BEDB79B9 /* Copy Pods Resources */ = {
			isa = PBXShellScriptBuildPhase;
			buildActionMask = 2147483647;
			files = (
			);
			inputPaths = (
			);
			name = "Copy Pods Resources";
			outputPaths = (
			);
			runOnlyForDeploymentPostprocessing = 0;
			shellPath = /bin/sh;
			shellScript = "\"${SRCROOT}/Pods/Pods-itelNSCTests-resources.sh\"\n";
			showEnvVarsInLog = 0;
		};
/* End PBXShellScriptBuildPhase section */

/* Begin PBXSourcesBuildPhase section */
		47929B61191B164F0054292D /* Sources */ = {
			isa = PBXSourcesBuildPhase;
			buildActionMask = 2147483647;
			files = (
				47838BF2191B5FD700EE08AF /* AudioAnsweringViewController.m in Sources */,
				476D3A06191DD8C300742EE5 /* ContactViewModel.m in Sources */,
				47929B79191B164F0054292D /* MaoAppDelegate.m in Sources */,
				47A1885519209E48006E8013 /* ContactUserViewModel.m in Sources */,
				47335496191B1BF300B800CB /* PassViewModel.m in Sources */,
				476D39F9191DD35300742EE5 /* ItelUser+CRUD.m in Sources */,
				47838BFD191B5FF500EE08AF /* DialTableViewCell.m in Sources */,
				47838C03191B639B00EE08AF /* AppService.m in Sources */,
				473354C2191B1E6900B800CB /* RoolViewController.m in Sources */,
				473354B2191B1C1800B800CB /* RegTypeViewController.m in Sources */,
				47838BFC191B5FF500EE08AF /* DialNumberButton.m in Sources */,
				473354BA191B1C1800B800CB /* PassEmailViewController.m in Sources */,
				47838BDB191B5F8500EE08AF /* RootTabbarController.m in Sources */,
				473354D7191B3E7800B800CB /* CustomBarItem.m in Sources */,
				47838BEE191B5FD700EE08AF /* VideoCallingViewController.m in Sources */,
				473354B0191B1C1800B800CB /* LoginViewController.m in Sources */,
				473354B3191B1C1800B800CB /* RegDetailViewController.m in Sources */,
				47838BFE191B5FF500EE08AF /* DialTableViewModel.m in Sources */,
				47335495191B1BF300B800CB /* RegisterViewModel.m in Sources */,
				476D39F3191DD22400742EE5 /* CoreDataTableViewController.m in Sources */,
				47838BEF191B5FD700EE08AF /* VideoAnsweringViewController.m in Sources */,
				4757BB6D191C81B3009A8938 /* MainPageButton.m in Sources */,
				47838BF0191B5FD700EE08AF /* VideoSessionViewController.m in Sources */,
				476D39A4191DC57200742EE5 /* DBService.m in Sources */,
				47838BF1191B5FD700EE08AF /* AudioCallingViewController.m in Sources */,
				476D39F0191DD1EB00742EE5 /* PeopleViewController.m in Sources */,
				476D39EB191DC6DC00742EE5 /* itelDB.xcdatamodeld in Sources */,
				4733547C191B1BAE00B800CB /* HTTPService.m in Sources */,
				476D3A02191DD5B900742EE5 /* UserViewController.m in Sources */,
				4733548A191B1BCA00B800CB /* HTTPRequestBuilder.m in Sources */,
				4757BB70191CAB81009A8938 /* HTTPRequestBuilder+mainPage.m in Sources */,
				47335489191B1BCA00B800CB /* NXInputChecker.m in Sources */,
				473354B1191B1C1800B800CB /* LoginTableViewCell.m in Sources */,
				476D39FC191DD3BE00742EE5 /* ItelUser.m in Sources */,
				473354B6191B1C1800B800CB /* PassViewController.m in Sources */,
				476D39FF191DD46200742EE5 /* ContactCell.m in Sources */,
				4733548C191B1BCA00B800CB /* BaseViewModel.m in Sources */,
				4733548B191B1BCA00B800CB /* HTTPRequestBuilder+LoginAndRegister.m in Sources */,
				473354D0191B2ED200B800CB /* CustomTabbar.m in Sources */,
				473354B7191B1C1800B800CB /* PassWayViewController.m in Sources */,
				47335488191B1BCA00B800CB /* NSString+MD5.m in Sources */,
				47838BD8191B5E3A00EE08AF /* DialViewModel.m in Sources */,
				473354B5191B1C1800B800CB /* RegChooseNumberViewController.m in Sources */,
				47838BF3191B5FD700EE08AF /* AudioSessionViewController.m in Sources */,
				47838C07191B789600EE08AF /* MainPageViewController.m in Sources */,
				47929B75191B164F0054292D /* main.m in Sources */,
				47335494191B1BF300B800CB /* LoginViewModel.m in Sources */,
				473354B8191B1C1800B800CB /* PassMesViewController.m in Sources */,
				4757BB6A191C68DB009A8938 /* MainPageViewModel.m in Sources */,
				473354CB191B256A00B800CB /* MainTabbarViewController.m in Sources */,
				473354B4191B1C1800B800CB /* RegMesViewController.m in Sources */,
				473354C5191B20B000B800CB /* RootViewModel.m in Sources */,
				47A1884C19209A07006E8013 /* EditAliasViewController.m in Sources */,
				47838BF4191B5FD700EE08AF /* DialingViewController.m in Sources */,
				473354BB191B1C1800B800CB /* PassResetViewController.m in Sources */,
				473354B9191B1C1800B800CB /* PassAnswerViewController.m in Sources */,
				476D3A09191DD96B00742EE5 /* HTTPRequestBuilder+contact.m in Sources */,
			);
			runOnlyForDeploymentPostprocessing = 0;
		};
		47929B82191B164F0054292D /* Sources */ = {
			isa = PBXSourcesBuildPhase;
			buildActionMask = 2147483647;
			files = (
				47929B94191B164F0054292D /* itelNSCTests.m in Sources */,
			);
			runOnlyForDeploymentPostprocessing = 0;
		};
/* End PBXSourcesBuildPhase section */

/* Begin PBXTargetDependency section */
		47929B8C191B164F0054292D /* PBXTargetDependency */ = {
			isa = PBXTargetDependency;
			target = 47929B64191B164F0054292D /* itelNSC */;
			targetProxy = 47929B8B191B164F0054292D /* PBXContainerItemProxy */;
		};
/* End PBXTargetDependency section */

/* Begin PBXVariantGroup section */
		47929B71191B164F0054292D /* InfoPlist.strings */ = {
			isa = PBXVariantGroup;
			children = (
				47929B72191B164F0054292D /* en */,
			);
			name = InfoPlist.strings;
			sourceTree = "<group>";
		};
		47929B7A191B164F0054292D /* Root.storyboard */ = {
			isa = PBXVariantGroup;
			children = (
				47929B7B191B164F0054292D /* Base */,
			);
			name = Root.storyboard;
			sourceTree = "<group>";
		};
		47929B90191B164F0054292D /* InfoPlist.strings */ = {
			isa = PBXVariantGroup;
			children = (
				47929B91191B164F0054292D /* en */,
			);
			name = InfoPlist.strings;
			sourceTree = "<group>";
		};
/* End PBXVariantGroup section */

/* Begin XCBuildConfiguration section */
		47929B95191B164F0054292D /* Debug */ = {
			isa = XCBuildConfiguration;
			buildSettings = {
				ALWAYS_SEARCH_USER_PATHS = NO;
				CLANG_CXX_LANGUAGE_STANDARD = "gnu++0x";
				CLANG_CXX_LIBRARY = "libc++";
				CLANG_ENABLE_MODULES = YES;
				CLANG_ENABLE_OBJC_ARC = YES;
				CLANG_WARN_BOOL_CONVERSION = YES;
				CLANG_WARN_CONSTANT_CONVERSION = YES;
				CLANG_WARN_DIRECT_OBJC_ISA_USAGE = YES_ERROR;
				CLANG_WARN_EMPTY_BODY = YES;
				CLANG_WARN_ENUM_CONVERSION = YES;
				CLANG_WARN_INT_CONVERSION = YES;
				CLANG_WARN_OBJC_ROOT_CLASS = YES_ERROR;
				CLANG_WARN__DUPLICATE_METHOD_MATCH = YES;
				"CODE_SIGN_IDENTITY[sdk=iphoneos*]" = "iPhone Developer";
				COPY_PHASE_STRIP = NO;
				GCC_C_LANGUAGE_STANDARD = gnu99;
				GCC_DYNAMIC_NO_PIC = NO;
				GCC_OPTIMIZATION_LEVEL = 0;
				GCC_PREPROCESSOR_DEFINITIONS = (
					"DEBUG=1",
					"$(inherited)",
				);
				GCC_SYMBOLS_PRIVATE_EXTERN = NO;
				GCC_WARN_64_TO_32_BIT_CONVERSION = YES;
				GCC_WARN_ABOUT_RETURN_TYPE = YES_ERROR;
				GCC_WARN_UNDECLARED_SELECTOR = YES;
				GCC_WARN_UNINITIALIZED_AUTOS = YES_AGGRESSIVE;
				GCC_WARN_UNUSED_FUNCTION = YES;
				GCC_WARN_UNUSED_VARIABLE = YES;
				IPHONEOS_DEPLOYMENT_TARGET = 7.1;
				ONLY_ACTIVE_ARCH = YES;
				SDKROOT = iphoneos;
			};
			name = Debug;
		};
		47929B96191B164F0054292D /* Release */ = {
			isa = XCBuildConfiguration;
			buildSettings = {
				ALWAYS_SEARCH_USER_PATHS = NO;
				CLANG_CXX_LANGUAGE_STANDARD = "gnu++0x";
				CLANG_CXX_LIBRARY = "libc++";
				CLANG_ENABLE_MODULES = YES;
				CLANG_ENABLE_OBJC_ARC = YES;
				CLANG_WARN_BOOL_CONVERSION = YES;
				CLANG_WARN_CONSTANT_CONVERSION = YES;
				CLANG_WARN_DIRECT_OBJC_ISA_USAGE = YES_ERROR;
				CLANG_WARN_EMPTY_BODY = YES;
				CLANG_WARN_ENUM_CONVERSION = YES;
				CLANG_WARN_INT_CONVERSION = YES;
				CLANG_WARN_OBJC_ROOT_CLASS = YES_ERROR;
				CLANG_WARN__DUPLICATE_METHOD_MATCH = YES;
				"CODE_SIGN_IDENTITY[sdk=iphoneos*]" = "iPhone Developer";
				COPY_PHASE_STRIP = YES;
				ENABLE_NS_ASSERTIONS = NO;
				GCC_C_LANGUAGE_STANDARD = gnu99;
				GCC_WARN_64_TO_32_BIT_CONVERSION = YES;
				GCC_WARN_ABOUT_RETURN_TYPE = YES_ERROR;
				GCC_WARN_UNDECLARED_SELECTOR = YES;
				GCC_WARN_UNINITIALIZED_AUTOS = YES_AGGRESSIVE;
				GCC_WARN_UNUSED_FUNCTION = YES;
				GCC_WARN_UNUSED_VARIABLE = YES;
				IPHONEOS_DEPLOYMENT_TARGET = 7.1;
				SDKROOT = iphoneos;
				VALIDATE_PRODUCT = YES;
			};
			name = Release;
		};
		47929B98191B164F0054292D /* Debug */ = {
			isa = XCBuildConfiguration;
			baseConfigurationReference = 28E822647253439B999D3369 /* Pods.xcconfig */;
			buildSettings = {
				ASSETCATALOG_COMPILER_APPICON_NAME = AppIcon;
				ASSETCATALOG_COMPILER_LAUNCHIMAGE_NAME = LaunchImage;
				GCC_PRECOMPILE_PREFIX_HEADER = YES;
				GCC_PREFIX_HEADER = "itelNSC/itelNSC-Prefix.pch";
				INFOPLIST_FILE = "itelNSC/itelNSC-Info.plist";
				IPHONEOS_DEPLOYMENT_TARGET = 6.1;
				ONLY_ACTIVE_ARCH = YES;
				PRODUCT_NAME = "$(TARGET_NAME)";
				TARGETED_DEVICE_FAMILY = 1;
				WRAPPER_EXTENSION = app;
			};
			name = Debug;
		};
		47929B99191B164F0054292D /* Release */ = {
			isa = XCBuildConfiguration;
			baseConfigurationReference = 28E822647253439B999D3369 /* Pods.xcconfig */;
			buildSettings = {
				ASSETCATALOG_COMPILER_APPICON_NAME = AppIcon;
				ASSETCATALOG_COMPILER_LAUNCHIMAGE_NAME = LaunchImage;
				GCC_PRECOMPILE_PREFIX_HEADER = YES;
				GCC_PREFIX_HEADER = "itelNSC/itelNSC-Prefix.pch";
				INFOPLIST_FILE = "itelNSC/itelNSC-Info.plist";
				IPHONEOS_DEPLOYMENT_TARGET = 6.1;
				ONLY_ACTIVE_ARCH = YES;
				PRODUCT_NAME = "$(TARGET_NAME)";
				TARGETED_DEVICE_FAMILY = 1;
				WRAPPER_EXTENSION = app;
			};
			name = Release;
		};
		47929B9B191B164F0054292D /* Debug */ = {
			isa = XCBuildConfiguration;
			baseConfigurationReference = 815C2441F4894284BD56C245 /* Pods-itelNSCTests.xcconfig */;
			buildSettings = {
				BUNDLE_LOADER = "$(BUILT_PRODUCTS_DIR)/itelNSC.app/itelNSC";
				FRAMEWORK_SEARCH_PATHS = (
					"$(SDKROOT)/Developer/Library/Frameworks",
					"$(inherited)",
					"$(DEVELOPER_FRAMEWORKS_DIR)",
				);
				GCC_PRECOMPILE_PREFIX_HEADER = YES;
				GCC_PREFIX_HEADER = "itelNSC/itelNSC-Prefix.pch";
				GCC_PREPROCESSOR_DEFINITIONS = (
					"DEBUG=1",
					"$(inherited)",
				);
				INFOPLIST_FILE = "itelNSCTests/itelNSCTests-Info.plist";
				PRODUCT_NAME = "$(TARGET_NAME)";
				TEST_HOST = "$(BUNDLE_LOADER)";
				WRAPPER_EXTENSION = xctest;
			};
			name = Debug;
		};
		47929B9C191B164F0054292D /* Release */ = {
			isa = XCBuildConfiguration;
			baseConfigurationReference = 815C2441F4894284BD56C245 /* Pods-itelNSCTests.xcconfig */;
			buildSettings = {
				BUNDLE_LOADER = "$(BUILT_PRODUCTS_DIR)/itelNSC.app/itelNSC";
				FRAMEWORK_SEARCH_PATHS = (
					"$(SDKROOT)/Developer/Library/Frameworks",
					"$(inherited)",
					"$(DEVELOPER_FRAMEWORKS_DIR)",
				);
				GCC_PRECOMPILE_PREFIX_HEADER = YES;
				GCC_PREFIX_HEADER = "itelNSC/itelNSC-Prefix.pch";
				INFOPLIST_FILE = "itelNSCTests/itelNSCTests-Info.plist";
				PRODUCT_NAME = "$(TARGET_NAME)";
				TEST_HOST = "$(BUNDLE_LOADER)";
				WRAPPER_EXTENSION = xctest;
			};
			name = Release;
		};
/* End XCBuildConfiguration section */

/* Begin XCConfigurationList section */
		47929B60191B164F0054292D /* Build configuration list for PBXProject "itelNSC" */ = {
			isa = XCConfigurationList;
			buildConfigurations = (
				47929B95191B164F0054292D /* Debug */,
				47929B96191B164F0054292D /* Release */,
			);
			defaultConfigurationIsVisible = 0;
			defaultConfigurationName = Release;
		};
		47929B97191B164F0054292D /* Build configuration list for PBXNativeTarget "itelNSC" */ = {
			isa = XCConfigurationList;
			buildConfigurations = (
				47929B98191B164F0054292D /* Debug */,
				47929B99191B164F0054292D /* Release */,
			);
			defaultConfigurationIsVisible = 0;
			defaultConfigurationName = Release;
		};
		47929B9A191B164F0054292D /* Build configuration list for PBXNativeTarget "itelNSCTests" */ = {
			isa = XCConfigurationList;
			buildConfigurations = (
				47929B9B191B164F0054292D /* Debug */,
				47929B9C191B164F0054292D /* Release */,
			);
			defaultConfigurationIsVisible = 0;
			defaultConfigurationName = Release;
		};
/* End XCConfigurationList section */

/* Begin XCVersionGroup section */
		476D39E9191DC6DC00742EE5 /* itelDB.xcdatamodeld */ = {
			isa = XCVersionGroup;
			children = (
				476D39EA191DC6DC00742EE5 /* itelDB.xcdatamodel */,
			);
			currentVersion = 476D39EA191DC6DC00742EE5 /* itelDB.xcdatamodel */;
			path = itelDB.xcdatamodeld;
			sourceTree = "<group>";
			versionGroupType = wrapper.xcdatamodel;
		};
/* End XCVersionGroup section */
	};
	rootObject = 47929B5D191B164F0054292D /* Project object */;
}
